PODS:
  - Alamofire (4.9.1)
  - BigInt (4.0.0)
  - Cuckoo (1.3.0):
    - Cuckoo/Swift (= 1.3.0)
  - Cuckoo/Swift (1.3.0)
  - EosioSwift (0.2.1):
    - BigInt (~> 4.0)
    - PromiseKit (~> 6.8)
  - EosioSwiftAbieosSerializationProvider (0.2.1):
    - EosioSwift (~> 0.2.1)
  - EosioSwiftEcc (0.2.1):
    - EosioSwift (~> 0.2.1)
    - GRKOpenSSLFramework (= 1.0.2.19)
  - EosioSwiftSoftkeySignatureProvider (0.2.1):
    - EosioSwift (~> 0.2.1)
    - EosioSwiftEcc (~> 0.2.1)
  - GRDB.swift (4.6.2):
    - GRDB.swift/standard (= 4.6.2)
  - GRDB.swift/standard (4.6.2)
  - GRKOpenSSLFramework (1.0.2.19)
  - Nimble (8.0.4)
  - PromiseKit (6.12.0):
    - PromiseKit/CorePromise (= 6.12.0)
    - PromiseKit/Foundation (= 6.12.0)
    - PromiseKit/UIKit (= 6.12.0)
  - PromiseKit/CorePromise (6.12.0)
  - PromiseKit/Foundation (6.12.0):
    - PromiseKit/CorePromise
  - PromiseKit/UIKit (6.12.0):
    - PromiseKit/CorePromise
  - Quick (2.2.0)
  - RxSwift (5.0.1)

DEPENDENCIES:
  - Alamofire (~> 4.0)
  - Cuckoo
  - EosioSwift (from `https://github.com/horizontalsystems/eosio-swift`)
  - EosioSwiftAbieosSerializationProvider (from `https://github.com/horizontalsystems/eosio-swift-abieos-serialization-provider.git`)
  - EosioSwiftSoftkeySignatureProvider (~> 0.2.1)
  - GRDB.swift (~> 4.0)
  - Nimble
  - Quick
  - RxSwift (~> 5.0)

SPEC REPOS:
  trunk:
    - Alamofire
    - BigInt
    - Cuckoo
    - EosioSwiftEcc
    - EosioSwiftSoftkeySignatureProvider
    - GRDB.swift
    - GRKOpenSSLFramework
    - Nimble
    - PromiseKit
    - Quick
    - RxSwift

EXTERNAL SOURCES:
  EosioSwift:
    :git: https://github.com/horizontalsystems/eosio-swift
  EosioSwiftAbieosSerializationProvider:
    :git: https://github.com/horizontalsystems/eosio-swift-abieos-serialization-provider.git

CHECKOUT OPTIONS:
  EosioSwift:
    :commit: 424a028ef83b6fd6663ec7b75a9c2e43947a105b
    :git: https://github.com/horizontalsystems/eosio-swift
  EosioSwiftAbieosSerializationProvider:
    :commit: 7ac04899e62012e225e0ea48a96951de0b72ad08
    :git: https://github.com/horizontalsystems/eosio-swift-abieos-serialization-provider.git

SPEC CHECKSUMS:
  Alamofire: 85e8a02c69d6020a0d734f6054870d7ecb75cf18
  BigInt: 2aad1a9942dc932ec8b84290d2c564a3d76f97ab
  Cuckoo: 4045c5a8ce378c919c20c5ff3d6dd11ded0ec699
  EosioSwift: fd8b29bab34b5e452f14bbfa7cc15ef0d2f78ca8
  EosioSwiftAbieosSerializationProvider: f5fc013dde26b49d037d9b827fc66c905c22de50
  EosioSwiftEcc: b0ba4fe71c70c377e30d2ce79fcf1b55864c7669
  EosioSwiftSoftkeySignatureProvider: dbf7a251a45bc51f1040bed93f2bec67a9620905
  GRDB.swift: 258520e10b49ff55307cbb0bec701af0742ae621
  GRKOpenSSLFramework: 4abc733a8fcbc37060619a86a54202d2938dd70e
  Nimble: 18d5360282923225d62b09d781f63abc1a0111fc
  PromiseKit: c06835ba442ce5454ce3cdde470232804a6e4ff8
  Quick: 7fb19e13be07b5dfb3b90d4f9824c855a11af40e
  RxSwift: e2dc62b366a3adf6a0be44ba9f405efd4c94e0c4

PODFILE CHECKSUM: 613fed07df76c88c679fe5d34d30ec2e20ec6f5b

COCOAPODS: 1.9.1
